
Microsoft Visual Studio Solution File, Format Version 12.00
# Visual Studio 14
VisualStudioVersion = 14.0.23107.0
MinimumVisualStudioVersion = 10.0.40219.1
Project("{FAE04EC0-301F-11D3-BF4B-00C04F79EFBC}") = "DiplomnaRabotaSimeon", "DiplomnaRabotaSimeon\DiplomnaRabotaSimeon.csproj", "{55630525-8429-4C8A-AA2B-A0625EED904A}"
EndProject
Project("{FAE04EC0-301F-11D3-BF4B-00C04F79EFBC}") = "BusinessLayer", "BusinessLayer\BusinessLayer.csproj", "{182D7F11-7B7E-4521-A94A-8BB68649A328}"
EndProject
Project("{FAE04EC0-301F-11D3-BF4B-00C04F79EFBC}") = "Repository", "Repository\Repository.csproj", "{89EBFE34-BFCD-40C8-BD38-466E3662681F}"
EndProject
Project("{FAE04EC0-301F-11D3-BF4B-00C04F79EFBC}") = "GlobalClasses", "GlobalClasses\GlobalClasses.csproj", "{63867957-D42A-492D-A9F2-5990A20A9BDE}"
EndProject
Project("{FAE04EC0-301F-11D3-BF4B-00C04F79EFBC}") = "tester", "tester\tester.csproj", "{2B182918-0A76-4AB7-ACDD-AC1CE8D247B8}"
EndProject
Global
	GlobalSection(SolutionConfigurationPlatforms) = preSolution
		Debug|Any CPU = Debug|Any CPU
		Release|Any CPU = Release|Any CPU
	EndGlobalSection
	GlobalSection(ProjectConfigurationPlatforms) = postSolution
		{55630525-8429-4C8A-AA2B-A0625EED904A}.Debug|Any CPU.ActiveCfg = Debug|Any CPU
		{55630525-8429-4C8A-AA2B-A0625EED904A}.Debug|Any CPU.Build.0 = Debug|Any CPU
		{55630525-8429-4C8A-AA2B-A0625EED904A}.Release|Any CPU.ActiveCfg = Release|Any CPU
		{55630525-8429-4C8A-AA2B-A0625EED904A}.Release|Any CPU.Build.0 = Release|Any CPU
		{182D7F11-7B7E-4521-A94A-8BB68649A328}.Debug|Any CPU.ActiveCfg = Debug|Any CPU
		{182D7F11-7B7E-4521-A94A-8BB68649A328}.Debug|Any CPU.Build.0 = Debug|Any CPU
		{182D7F11-7B7E-4521-A94A-8BB68649A328}.Release|Any CPU.ActiveCfg = Release|Any CPU
		{182D7F11-7B7E-4521-A94A-8BB68649A328}.Release|Any CPU.Build.0 = Release|Any CPU
		{89EBFE34-BFCD-40C8-BD38-466E3662681F}.Debug|Any CPU.ActiveCfg = Debug|Any CPU
		{89EBFE34-BFCD-40C8-BD38-466E3662681F}.Debug|Any CPU.Build.0 = Debug|Any CPU
		{89EBFE34-BFCD-40C8-BD38-466E3662681F}.Release|Any CPU.ActiveCfg = Release|Any CPU
		{89EBFE34-BFCD-40C8-BD38-466E3662681F}.Release|Any CPU.Build.0 = Release|Any CPU
		{63867957-D42A-492D-A9F2-5990A20A9BDE}.Debug|Any CPU.ActiveCfg = Debug|Any CPU
		{63867957-D42A-492D-A9F2-5990A20A9BDE}.Debug|Any CPU.Build.0 = Debug|Any CPU
		{63867957-D42A-492D-A9F2-5990A20A9BDE}.Release|Any CPU.ActiveCfg = Release|Any CPU
		{63867957-D42A-492D-A9F2-5990A20A9BDE}.Release|Any CPU.Build.0 = Release|Any CPU
		{2B182918-0A76-4AB7-ACDD-AC1CE8D247B8}.Debug|Any CPU.ActiveCfg = Debug|Any CPU
		{2B182918-0A76-4AB7-ACDD-AC1CE8D247B8}.Debug|Any CPU.Build.0 = Debug|Any CPU
		{2B182918-0A76-4AB7-ACDD-AC1CE8D247B8}.Release|Any CPU.ActiveCfg = Release|Any CPU
		{2B182918-0A76-4AB7-ACDD-AC1CE8D247B8}.Release|Any CPU.Build.0 = Release|Any CPU
	EndGlobalSection
	GlobalSection(SolutionProperties) = preSolution
		HideSolutionNode = FALSE
	EndGlobalSection
EndGlobal
